
Microsoft Visual Studio Solution File, Format Version 12.00
# Visual Studio Version 17
VisualStudioVersion = 17.2.32630.192
MinimumVisualStudioVersion = 10.0.40219.1
Project("{9A19103F-16F7-4668-BE54-9A1E7A4F7556}") = "IncidentsApi.Data", "IncidentsApi.Data\IncidentsApi.Data.csproj", "{1C04680C-6E97-4B2D-80F9-DC51FBA63179}"
EndProject
Project("{9A19103F-16F7-4668-BE54-9A1E7A4F7556}") = "IncidentsApi.App", "IncidentsApi.App\IncidentsApi.App.csproj", "{6C72B5E4-3E07-446C-9513-67F9FC354FF8}"
EndProject
Global
	GlobalSection(SolutionConfigurationPlatforms) = preSolution
		Debug|Any CPU = Debug|Any CPU
		Release|Any CPU = Release|Any CPU
	EndGlobalSection
	GlobalSection(ProjectConfigurationPlatforms) = postSolution
		{1C04680C-6E97-4B2D-80F9-DC51FBA63179}.Debug|Any CPU.ActiveCfg = Debug|Any CPU
		{1C04680C-6E97-4B2D-80F9-DC51FBA63179}.Debug|Any CPU.Build.0 = Debug|Any CPU
		{1C04680C-6E97-4B2D-80F9-DC51FBA63179}.Release|Any CPU.ActiveCfg = Release|Any CPU
		{1C04680C-6E97-4B2D-80F9-DC51FBA63179}.Release|Any CPU.Build.0 = Release|Any CPU
		{6C72B5E4-3E07-446C-9513-67F9FC354FF8}.Debug|Any CPU.ActiveCfg = Debug|Any CPU
		{6C72B5E4-3E07-446C-9513-67F9FC354FF8}.Debug|Any CPU.Build.0 = Debug|Any CPU
		{6C72B5E4-3E07-446C-9513-67F9FC354FF8}.Release|Any CPU.ActiveCfg = Release|Any CPU
		{6C72B5E4-3E07-446C-9513-67F9FC354FF8}.Release|Any CPU.Build.0 = Release|Any CPU
	EndGlobalSection
	GlobalSection(SolutionProperties) = preSolution
		HideSolutionNode = FALSE
	EndGlobalSection
	GlobalSection(ExtensibilityGlobals) = postSolution
		SolutionGuid = {DF510349-476E-4491-979B-F948349760FA}
	EndGlobalSection
EndGlobal
